<Solution>
  <Folder Name="/src/">
    <Project Path="src/AppHost/AppHost.csproj" />
    <Project Path="src/Diagrams.Core/Diagrams.Core.csproj" />
    <Project Path="src/Diagrams.Interop.JsPlumb/Diagrams.Interop.JsPlumb.csproj" />
    <Project Path="src/Editor.Client/Editor.Client.csproj" />
  </Folder>
  <Folder Name="/tests/">
    <Project Path="tests/AppHost.Tests/AppHost.Tests.csproj" />
    <Project Path="tests/Diagrams.Core.Tests/Diagrams.Core.Tests.csproj" />
    <Project Path="tests/Editor.E2E.Tests/Editor.E2E.Tests.csproj" />
  </Folder>
</Solution>
